// !$*UTF8*$!
{
	archiveVersion = 1;
	classes = {
	};
	objectVersion = 56;
	objects = {

/* Begin PBXBuildFile section */
		2A5ABCEC2A266B000078AEF2 /* OE_ServerlessApp.swift in Sources */ = {isa = PBXBuildFile; fileRef = 2A5ABCEB2A266B000078AEF2 /* OE_ServerlessApp.swift */; };
		2A5ABCEE2A266B000078AEF2 /* ContentView.swift in Sources */ = {isa = PBXBuildFile; fileRef = 2A5ABCED2A266B000078AEF2 /* ContentView.swift */; };
		2A5ABCF02A266B020078AEF2 /* Assets.xcassets in Resources */ = {isa = PBXBuildFile; fileRef = 2A5ABCEF2A266B020078AEF2 /* Assets.xcassets */; };
		2A5ABCF32A266B020078AEF2 /* Preview Assets.xcassets in Resources */ = {isa = PBXBuildFile; fileRef = 2A5ABCF22A266B020078AEF2 /* Preview Assets.xcassets */; };
		2A5ABCF92A266B020078AEF2 /* OE-Serverless Watch App.app in Embed Watch Content */ = {isa = PBXBuildFile; fileRef = 2A5ABCF82A266B020078AEF2 /* OE-Serverless Watch App.app */; settings = {ATTRIBUTES = (RemoveHeadersOnCopy, ); }; };
		2A5ABCFE2A266B020078AEF2 /* OE_ServerlessApp.swift in Sources */ = {isa = PBXBuildFile; fileRef = 2A5ABCFD2A266B020078AEF2 /* OE_ServerlessApp.swift */; };
		2A5ABD002A266B020078AEF2 /* ContentView.swift in Sources */ = {isa = PBXBuildFile; fileRef = 2A5ABCFF2A266B020078AEF2 /* ContentView.swift */; };
		2A5ABD022A266B020078AEF2 /* Assets.xcassets in Resources */ = {isa = PBXBuildFile; fileRef = 2A5ABD012A266B020078AEF2 /* Assets.xcassets */; };
		2A5ABD052A266B020078AEF2 /* Preview Assets.xcassets in Resources */ = {isa = PBXBuildFile; fileRef = 2A5ABD042A266B020078AEF2 /* Preview Assets.xcassets */; };
		2A5ABD102A266BAB0078AEF2 /* ImagePickerView.swift in Sources */ = {isa = PBXBuildFile; fileRef = 2A5ABD0F2A266BAB0078AEF2 /* ImagePickerView.swift */; };
		2A5ABD122A266BB30078AEF2 /* ViewModelPhone.swift in Sources */ = {isa = PBXBuildFile; fileRef = 2A5ABD112A266BB30078AEF2 /* ViewModelPhone.swift */; };
		2A5ABD142A266BBA0078AEF2 /* ViewModelWatch.swift in Sources */ = {isa = PBXBuildFile; fileRef = 2A5ABD132A266BBA0078AEF2 /* ViewModelWatch.swift */; };
		2A5ABD1A2A266BC30078AEF2 /* Extentions.swift in Sources */ = {isa = PBXBuildFile; fileRef = 2A5ABD162A266BC30078AEF2 /* Extentions.swift */; };
		2A5ABD1B2A266BC30078AEF2 /* Extentions.swift in Sources */ = {isa = PBXBuildFile; fileRef = 2A5ABD162A266BC30078AEF2 /* Extentions.swift */; };
		2A5ABD1C2A266BC30078AEF2 /* DetectMode.swift in Sources */ = {isa = PBXBuildFile; fileRef = 2A5ABD172A266BC30078AEF2 /* DetectMode.swift */; };
		2A5ABD1D2A266BC30078AEF2 /* DetectMode.swift in Sources */ = {isa = PBXBuildFile; fileRef = 2A5ABD172A266BC30078AEF2 /* DetectMode.swift */; };
		2A5ABD1E2A266BC30078AEF2 /* BrailleManager.swift in Sources */ = {isa = PBXBuildFile; fileRef = 2A5ABD182A266BC30078AEF2 /* BrailleManager.swift */; };
		2A5ABD1F2A266BC30078AEF2 /* BrailleManager.swift in Sources */ = {isa = PBXBuildFile; fileRef = 2A5ABD182A266BC30078AEF2 /* BrailleManager.swift */; };
		2A5ABD202A266BC30078AEF2 /* ResponseData.swift in Sources */ = {isa = PBXBuildFile; fileRef = 2A5ABD192A266BC30078AEF2 /* ResponseData.swift */; };
		2A5ABD212A266BC30078AEF2 /* ResponseData.swift in Sources */ = {isa = PBXBuildFile; fileRef = 2A5ABD192A266BC30078AEF2 /* ResponseData.swift */; };
		2A5ABD232A266D230078AEF2 /* DotView.swift in Sources */ = {isa = PBXBuildFile; fileRef = 2A5ABD222A266D230078AEF2 /* DotView.swift */; };
/* End PBXBuildFile section */

/* Begin PBXContainerItemProxy section */
		2A5ABCFA2A266B020078AEF2 /* PBXContainerItemProxy */ = {
			isa = PBXContainerItemProxy;
			containerPortal = 2A5ABCE02A266AFF0078AEF2 /* Project object */;
			proxyType = 1;
			remoteGlobalIDString = 2A5ABCF72A266B020078AEF2;
			remoteInfo = "OE-Serverless Watch App";
		};
/* End PBXContainerItemProxy section */

/* Begin PBXCopyFilesBuildPhase section */
		2A5ABD0B2A266B020078AEF2 /* Embed Watch Content */ = {
			isa = PBXCopyFilesBuildPhase;
			buildActionMask = 2147483647;
			dstPath = "$(CONTENTS_FOLDER_PATH)/Watch";
			dstSubfolderSpec = 16;
			files = (
				2A5ABCF92A266B020078AEF2 /* OE-Serverless Watch App.app in Embed Watch Content */,
			);
			name = "Embed Watch Content";
			runOnlyForDeploymentPostprocessing = 0;
		};
/* End PBXCopyFilesBuildPhase section */

/* Begin PBXFileReference section */
		2A5ABCE82A266B000078AEF2 /* OE-Serverless.app */ = {isa = PBXFileReference; explicitFileType = wrapper.application; includeInIndex = 0; path = "OE-Serverless.app"; sourceTree = BUILT_PRODUCTS_DIR; };
		2A5ABCEB2A266B000078AEF2 /* OE_ServerlessApp.swift */ = {isa = PBXFileReference; lastKnownFileType = sourcecode.swift; path = OE_ServerlessApp.swift; sourceTree = "<group>"; };
		2A5ABCED2A266B000078AEF2 /* ContentView.swift */ = {isa = PBXFileReference; lastKnownFileType = sourcecode.swift; path = ContentView.swift; sourceTree = "<group>"; };
		2A5ABCEF2A266B020078AEF2 /* Assets.xcassets */ = {isa = PBXFileReference; lastKnownFileType = folder.assetcatalog; path = Assets.xcassets; sourceTree = "<group>"; };
		2A5ABCF22A266B020078AEF2 /* Preview Assets.xcassets */ = {isa = PBXFileReference; lastKnownFileType = folder.assetcatalog; path = "Preview Assets.xcassets"; sourceTree = "<group>"; };
		2A5ABCF82A266B020078AEF2 /* OE-Serverless Watch App.app */ = {isa = PBXFileReference; explicitFileType = wrapper.application; includeInIndex = 0; path = "OE-Serverless Watch App.app"; sourceTree = BUILT_PRODUCTS_DIR; };
		2A5ABCFD2A266B020078AEF2 /* OE_ServerlessApp.swift */ = {isa = PBXFileReference; lastKnownFileType = sourcecode.swift; path = OE_ServerlessApp.swift; sourceTree = "<group>"; };
		2A5ABCFF2A266B020078AEF2 /* ContentView.swift */ = {isa = PBXFileReference; lastKnownFileType = sourcecode.swift; path = ContentView.swift; sourceTree = "<group>"; };
		2A5ABD012A266B020078AEF2 /* Assets.xcassets */ = {isa = PBXFileReference; lastKnownFileType = folder.assetcatalog; path = Assets.xcassets; sourceTree = "<group>"; };
		2A5ABD042A266B020078AEF2 /* Preview Assets.xcassets */ = {isa = PBXFileReference; lastKnownFileType = folder.assetcatalog; path = "Preview Assets.xcassets"; sourceTree = "<group>"; };
		2A5ABD0F2A266BAB0078AEF2 /* ImagePickerView.swift */ = {isa = PBXFileReference; fileEncoding = 4; lastKnownFileType = sourcecode.swift; path = ImagePickerView.swift; sourceTree = "<group>"; };
		2A5ABD112A266BB30078AEF2 /* ViewModelPhone.swift */ = {isa = PBXFileReference; fileEncoding = 4; lastKnownFileType = sourcecode.swift; path = ViewModelPhone.swift; sourceTree = "<group>"; };
		2A5ABD132A266BBA0078AEF2 /* ViewModelWatch.swift */ = {isa = PBXFileReference; fileEncoding = 4; lastKnownFileType = sourcecode.swift; path = ViewModelWatch.swift; sourceTree = "<group>"; };
		2A5ABD162A266BC30078AEF2 /* Extentions.swift */ = {isa = PBXFileReference; fileEncoding = 4; lastKnownFileType = sourcecode.swift; path = Extentions.swift; sourceTree = "<group>"; };
		2A5ABD172A266BC30078AEF2 /* DetectMode.swift */ = {isa = PBXFileReference; fileEncoding = 4; lastKnownFileType = sourcecode.swift; path = DetectMode.swift; sourceTree = "<group>"; };
		2A5ABD182A266BC30078AEF2 /* BrailleManager.swift */ = {isa = PBXFileReference; fileEncoding = 4; lastKnownFileType = sourcecode.swift; path = BrailleManager.swift; sourceTree = "<group>"; };
		2A5ABD192A266BC30078AEF2 /* ResponseData.swift */ = {isa = PBXFileReference; fileEncoding = 4; lastKnownFileType = sourcecode.swift; path = ResponseData.swift; sourceTree = "<group>"; };
		2A5ABD222A266D230078AEF2 /* DotView.swift */ = {isa = PBXFileReference; fileEncoding = 4; lastKnownFileType = sourcecode.swift; path = DotView.swift; sourceTree = "<group>"; };
/* End PBXFileReference section */

/* Begin PBXFrameworksBuildPhase section */
		2A5ABCE52A266B000078AEF2 /* Frameworks */ = {
			isa = PBXFrameworksBuildPhase;
			buildActionMask = 2147483647;
			files = (
			);
			runOnlyForDeploymentPostprocessing = 0;
		};
		2A5ABCF52A266B020078AEF2 /* Frameworks */ = {
			isa = PBXFrameworksBuildPhase;
			buildActionMask = 2147483647;
			files = (
			);
			runOnlyForDeploymentPostprocessing = 0;
		};
/* End PBXFrameworksBuildPhase section */

/* Begin PBXGroup section */
		2A5ABCDF2A266AFF0078AEF2 = {
			isa = PBXGroup;
			children = (
				2A5ABD152A266BC30078AEF2 /* Shared */,
				2A5ABCEA2A266B000078AEF2 /* OE-Serverless */,
				2A5ABCFC2A266B020078AEF2 /* OE-Serverless Watch App */,
				2A5ABCE92A266B000078AEF2 /* Products */,
			);
			sourceTree = "<group>";
		};
		2A5ABCE92A266B000078AEF2 /* Products */ = {
			isa = PBXGroup;
			children = (
				2A5ABCE82A266B000078AEF2 /* OE-Serverless.app */,
				2A5ABCF82A266B020078AEF2 /* OE-Serverless Watch App.app */,
			);
			name = Products;
			sourceTree = "<group>";
		};
		2A5ABCEA2A266B000078AEF2 /* OE-Serverless */ = {
			isa = PBXGroup;
			children = (
				2A5ABD222A266D230078AEF2 /* DotView.swift */,
				2A5ABD112A266BB30078AEF2 /* ViewModelPhone.swift */,
				2A5ABCEB2A266B000078AEF2 /* OE_ServerlessApp.swift */,
				2A5ABCED2A266B000078AEF2 /* ContentView.swift */,
				2A5ABD0F2A266BAB0078AEF2 /* ImagePickerView.swift */,
				2A5ABCEF2A266B020078AEF2 /* Assets.xcassets */,
				2A5ABCF12A266B020078AEF2 /* Preview Content */,
			);
			path = "OE-Serverless";
			sourceTree = "<group>";
		};
		2A5ABCF12A266B020078AEF2 /* Preview Content */ = {
			isa = PBXGroup;
			children = (
				2A5ABCF22A266B020078AEF2 /* Preview Assets.xcassets */,
			);
			path = "Preview Content";
			sourceTree = "<group>";
		};
		2A5ABCFC2A266B020078AEF2 /* OE-Serverless Watch App */ = {
			isa = PBXGroup;
			children = (
				2A5ABD132A266BBA0078AEF2 /* ViewModelWatch.swift */,
				2A5ABCFD2A266B020078AEF2 /* OE_ServerlessApp.swift */,
				2A5ABCFF2A266B020078AEF2 /* ContentView.swift */,
				2A5ABD012A266B020078AEF2 /* Assets.xcassets */,
				2A5ABD032A266B020078AEF2 /* Preview Content */,
			);
			path = "OE-Serverless Watch App";
			sourceTree = "<group>";
		};
		2A5ABD032A266B020078AEF2 /* Preview Content */ = {
			isa = PBXGroup;
			children = (
				2A5ABD042A266B020078AEF2 /* Preview Assets.xcassets */,
			);
			path = "Preview Content";
			sourceTree = "<group>";
		};
		2A5ABD152A266BC30078AEF2 /* Shared */ = {
			isa = PBXGroup;
			children = (
				2A5ABD162A266BC30078AEF2 /* Extentions.swift */,
				2A5ABD172A266BC30078AEF2 /* DetectMode.swift */,
				2A5ABD182A266BC30078AEF2 /* BrailleManager.swift */,
				2A5ABD192A266BC30078AEF2 /* ResponseData.swift */,
			);
			path = Shared;
			sourceTree = "<group>";
		};
/* End PBXGroup section */

/* Begin PBXNativeTarget section */
		2A5ABCE72A266B000078AEF2 /* OE-Serverless */ = {
			isa = PBXNativeTarget;
			buildConfigurationList = 2A5ABD0C2A266B020078AEF2 /* Build configuration list for PBXNativeTarget "OE-Serverless" */;
			buildPhases = (
				2A5ABCE42A266B000078AEF2 /* Sources */,
				2A5ABCE52A266B000078AEF2 /* Frameworks */,
				2A5ABCE62A266B000078AEF2 /* Resources */,
				2A5ABD0B2A266B020078AEF2 /* Embed Watch Content */,
			);
			buildRules = (
			);
			dependencies = (
				2A5ABCFB2A266B020078AEF2 /* PBXTargetDependency */,
			);
			name = "OE-Serverless";
			productName = "OE-Serverless";
			productReference = 2A5ABCE82A266B000078AEF2 /* OE-Serverless.app */;
			productType = "com.apple.product-type.application";
		};
		2A5ABCF72A266B020078AEF2 /* OE-Serverless Watch App */ = {
			isa = PBXNativeTarget;
			buildConfigurationList = 2A5ABD082A266B020078AEF2 /* Build configuration list for PBXNativeTarget "OE-Serverless Watch App" */;
			buildPhases = (
				2A5ABCF42A266B020078AEF2 /* Sources */,
				2A5ABCF52A266B020078AEF2 /* Frameworks */,
				2A5ABCF62A266B020078AEF2 /* Resources */,
			);
			buildRules = (
			);
			dependencies = (
			);
			name = "OE-Serverless Watch App";
			productName = "OE-Serverless Watch App";
			productReference = 2A5ABCF82A266B020078AEF2 /* OE-Serverless Watch App.app */;
			productType = "com.apple.product-type.application";
		};
/* End PBXNativeTarget section */

/* Begin PBXProject section */
		2A5ABCE02A266AFF0078AEF2 /* Project object */ = {
			isa = PBXProject;
			attributes = {
				BuildIndependentTargetsInParallel = 1;
				LastSwiftUpdateCheck = 1430;
				LastUpgradeCheck = 1430;
				TargetAttributes = {
					2A5ABCE72A266B000078AEF2 = {
						CreatedOnToolsVersion = 14.3;
					};
					2A5ABCF72A266B020078AEF2 = {
						CreatedOnToolsVersion = 14.3;
					};
				};
			};
			buildConfigurationList = 2A5ABCE32A266AFF0078AEF2 /* Build configuration list for PBXProject "OE-Serverless" */;
			compatibilityVersion = "Xcode 14.0";
			developmentRegion = en;
			hasScannedForEncodings = 0;
			knownRegions = (
				en,
				Base,
			);
			mainGroup = 2A5ABCDF2A266AFF0078AEF2;
			productRefGroup = 2A5ABCE92A266B000078AEF2 /* Products */;
			projectDirPath = "";
			projectRoot = "";
			targets = (
				2A5ABCE72A266B000078AEF2 /* OE-Serverless */,
				2A5ABCF72A266B020078AEF2 /* OE-Serverless Watch App */,
			);
		};
/* End PBXProject section */

/* Begin PBXResourcesBuildPhase section */
		2A5ABCE62A266B000078AEF2 /* Resources */ = {
			isa = PBXResourcesBuildPhase;
			buildActionMask = 2147483647;
			files = (
				2A5ABCF32A266B020078AEF2 /* Preview Assets.xcassets in Resources */,
				2A5ABCF02A266B020078AEF2 /* Assets.xcassets in Resources */,
			);
			runOnlyForDeploymentPostprocessing = 0;
		};
		2A5ABCF62A266B020078AEF2 /* Resources */ = {
			isa = PBXResourcesBuildPhase;
			buildActionMask = 2147483647;
			files = (
				2A5ABD052A266B020078AEF2 /* Preview Assets.xcassets in Resources */,
				2A5ABD022A266B020078AEF2 /* Assets.xcassets in Resources */,
			);
			runOnlyForDeploymentPostprocessing = 0;
		};
/* End PBXResourcesBuildPhase section */

/* Begin PBXSourcesBuildPhase section */
		2A5ABCE42A266B000078AEF2 /* Sources */ = {
			isa = PBXSourcesBuildPhase;
			buildActionMask = 2147483647;
			files = (
				2A5ABCEE2A266B000078AEF2 /* ContentView.swift in Sources */,
				2A5ABD122A266BB30078AEF2 /* ViewModelPhone.swift in Sources */,
				2A5ABD232A266D230078AEF2 /* DotView.swift in Sources */,
				2A5ABD1E2A266BC30078AEF2 /* BrailleManager.swift in Sources */,
				2A5ABD1A2A266BC30078AEF2 /* Extentions.swift in Sources */,
				2A5ABD102A266BAB0078AEF2 /* ImagePickerView.swift in Sources */,
				2A5ABCEC2A266B000078AEF2 /* OE_ServerlessApp.swift in Sources */,
				2A5ABD202A266BC30078AEF2 /* ResponseData.swift in Sources */,
				2A5ABD1C2A266BC30078AEF2 /* DetectMode.swift in Sources */,
			);
			runOnlyForDeploymentPostprocessing = 0;
		};
		2A5ABCF42A266B020078AEF2 /* Sources */ = {
			isa = PBXSourcesBuildPhase;
			buildActionMask = 2147483647;
			files = (
				2A5ABD1B2A266BC30078AEF2 /* Extentions.swift in Sources */,
				2A5ABD212A266BC30078AEF2 /* ResponseData.swift in Sources */,
				2A5ABD1F2A266BC30078AEF2 /* BrailleManager.swift in Sources */,
				2A5ABD1D2A266BC30078AEF2 /* DetectMode.swift in Sources */,
				2A5ABD002A266B020078AEF2 /* ContentView.swift in Sources */,
				2A5ABD142A266BBA0078AEF2 /* ViewModelWatch.swift in Sources */,
				2A5ABCFE2A266B020078AEF2 /* OE_ServerlessApp.swift in Sources */,
			);
			runOnlyForDeploymentPostprocessing = 0;
		};
/* End PBXSourcesBuildPhase section */

/* Begin PBXTargetDependency section */
		2A5ABCFB2A266B020078AEF2 /* PBXTargetDependency */ = {
			isa = PBXTargetDependency;
			target = 2A5ABCF72A266B020078AEF2 /* OE-Serverless Watch App */;
			targetProxy = 2A5ABCFA2A266B020078AEF2 /* PBXContainerItemProxy */;
		};
/* End PBXTargetDependency section */

/* Begin XCBuildConfiguration section */
		2A5ABD062A266B020078AEF2 /* Debug */ = {
			isa = XCBuildConfiguration;
			buildSettings = {
				ALWAYS_SEARCH_USER_PATHS = NO;
				CLANG_ANALYZER_NONNULL = YES;
				CLANG_ANALYZER_NUMBER_OBJECT_CONVERSION = YES_AGGRESSIVE;
				CLANG_CXX_LANGUAGE_STANDARD = "gnu++20";
				CLANG_ENABLE_MODULES = YES;
				CLANG_ENABLE_OBJC_ARC = YES;
				CLANG_ENABLE_OBJC_WEAK = YES;
				CLANG_WARN_BLOCK_CAPTURE_AUTORELEASING = YES;
				CLANG_WARN_BOOL_CONVERSION = YES;
				CLANG_WARN_COMMA = YES;
				CLANG_WARN_CONSTANT_CONVERSION = YES;
				CLANG_WARN_DEPRECATED_OBJC_IMPLEMENTATIONS = YES;
				CLANG_WARN_DIRECT_OBJC_ISA_USAGE = YES_ERROR;
				CLANG_WARN_DOCUMENTATION_COMMENTS = YES;
				CLANG_WARN_EMPTY_BODY = YES;
				CLANG_WARN_ENUM_CONVERSION = YES;
				CLANG_WARN_INFINITE_RECURSION = YES;
				CLANG_WARN_INT_CONVERSION = YES;
				CLANG_WARN_NON_LITERAL_NULL_CONVERSION = YES;
				CLANG_WARN_OBJC_IMPLICIT_RETAIN_SELF = YES;
				CLANG_WARN_OBJC_LITERAL_CONVERSION = YES;
				CLANG_WARN_OBJC_ROOT_CLASS = YES_ERROR;
				CLANG_WARN_QUOTED_INCLUDE_IN_FRAMEWORK_HEADER = YES;
				CLANG_WARN_RANGE_LOOP_ANALYSIS = YES;
				CLANG_WARN_STRICT_PROTOTYPES = YES;
				CLANG_WARN_SUSPICIOUS_MOVE = YES;
				CLANG_WARN_UNGUARDED_AVAILABILITY = YES_AGGRESSIVE;
				CLANG_WARN_UNREACHABLE_CODE = YES;
				CLANG_WARN__DUPLICATE_METHOD_MATCH = YES;
				COPY_PHASE_STRIP = NO;
				DEBUG_INFORMATION_FORMAT = dwarf;
				ENABLE_STRICT_OBJC_MSGSEND = YES;
				ENABLE_TESTABILITY = YES;
				GCC_C_LANGUAGE_STANDARD = gnu11;
				GCC_DYNAMIC_NO_PIC = NO;
				GCC_NO_COMMON_BLOCKS = YES;
				GCC_OPTIMIZATION_LEVEL = 0;
				GCC_PREPROCESSOR_DEFINITIONS = (
					"DEBUG=1",
					"$(inherited)",
				);
				GCC_WARN_64_TO_32_BIT_CONVERSION = YES;
				GCC_WARN_ABOUT_RETURN_TYPE = YES_ERROR;
				GCC_WARN_UNDECLARED_SELECTOR = YES;
				GCC_WARN_UNINITIALIZED_AUTOS = YES_AGGRESSIVE;
				GCC_WARN_UNUSED_FUNCTION = YES;
				GCC_WARN_UNUSED_VARIABLE = YES;
				MTL_ENABLE_DEBUG_INFO = INCLUDE_SOURCE;
				MTL_FAST_MATH = YES;
				ONLY_ACTIVE_ARCH = YES;
				SWIFT_ACTIVE_COMPILATION_CONDITIONS = DEBUG;
				SWIFT_OPTIMIZATION_LEVEL = "-Onone";
			};
			name = Debug;
		};
		2A5ABD072A266B020078AEF2 /* Release */ = {
			isa = XCBuildConfiguration;
			buildSettings = {
				ALWAYS_SEARCH_USER_PATHS = NO;
				CLANG_ANALYZER_NONNULL = YES;
				CLANG_ANALYZER_NUMBER_OBJECT_CONVERSION = YES_AGGRESSIVE;
				CLANG_CXX_LANGUAGE_STANDARD = "gnu++20";
				CLANG_ENABLE_MODULES = YES;
				CLANG_ENABLE_OBJC_ARC = YES;
				CLANG_ENABLE_OBJC_WEAK = YES;
				CLANG_WARN_BLOCK_CAPTURE_AUTORELEASING = YES;
				CLANG_WARN_BOOL_CONVERSION = YES;
				CLANG_WARN_COMMA = YES;
				CLANG_WARN_CONSTANT_CONVERSION = YES;
				CLANG_WARN_DEPRECATED_OBJC_IMPLEMENTATIONS = YES;
				CLANG_WARN_DIRECT_OBJC_ISA_USAGE = YES_ERROR;
				CLANG_WARN_DOCUMENTATION_COMMENTS = YES;
				CLANG_WARN_EMPTY_BODY = YES;
				CLANG_WARN_ENUM_CONVERSION = YES;
				CLANG_WARN_INFINITE_RECURSION = YES;
				CLANG_WARN_INT_CONVERSION = YES;
				CLANG_WARN_NON_LITERAL_NULL_CONVERSION = YES;
				CLANG_WARN_OBJC_IMPLICIT_RETAIN_SELF = YES;
				CLANG_WARN_OBJC_LITERAL_CONVERSION = YES;
				CLANG_WARN_OBJC_ROOT_CLASS = YES_ERROR;
				CLANG_WARN_QUOTED_INCLUDE_IN_FRAMEWORK_HEADER = YES;
				CLANG_WARN_RANGE_LOOP_ANALYSIS = YES;
				CLANG_WARN_STRICT_PROTOTYPES = YES;
				CLANG_WARN_SUSPICIOUS_MOVE = YES;
				CLANG_WARN_UNGUARDED_AVAILABILITY = YES_AGGRESSIVE;
				CLANG_WARN_UNREACHABLE_CODE = YES;
				CLANG_WARN__DUPLICATE_METHOD_MATCH = YES;
				COPY_PHASE_STRIP = NO;
				DEBUG_INFORMATION_FORMAT = "dwarf-with-dsym";
				ENABLE_NS_ASSERTIONS = NO;
				ENABLE_STRICT_OBJC_MSGSEND = YES;
				GCC_C_LANGUAGE_STANDARD = gnu11;
				GCC_NO_COMMON_BLOCKS = YES;
				GCC_WARN_64_TO_32_BIT_CONVERSION = YES;
				GCC_WARN_ABOUT_RETURN_TYPE = YES_ERROR;
				GCC_WARN_UNDECLARED_SELECTOR = YES;
				GCC_WARN_UNINITIALIZED_AUTOS = YES_AGGRESSIVE;
				GCC_WARN_UNUSED_FUNCTION = YES;
				GCC_WARN_UNUSED_VARIABLE = YES;
				MTL_ENABLE_DEBUG_INFO = NO;
				MTL_FAST_MATH = YES;
				SWIFT_COMPILATION_MODE = wholemodule;
				SWIFT_OPTIMIZATION_LEVEL = "-O";
			};
			name = Release;
		};
		2A5ABD092A266B020078AEF2 /* Debug */ = {
			isa = XCBuildConfiguration;
			buildSettings = {
				ASSETCATALOG_COMPILER_APPICON_NAME = AppIcon;
				ASSETCATALOG_COMPILER_GLOBAL_ACCENT_COLOR_NAME = AccentColor;
				CODE_SIGN_STYLE = Automatic;
				CURRENT_PROJECT_VERSION = 1;
				DEVELOPMENT_ASSET_PATHS = "\"OE-Serverless Watch App/Preview Content\"";
				DEVELOPMENT_TEAM = 39JATSZXJT;
				ENABLE_PREVIEWS = YES;
				GENERATE_INFOPLIST_FILE = YES;
				INFOPLIST_KEY_CFBundleDisplayName = "OE-Serverless";
				INFOPLIST_KEY_UISupportedInterfaceOrientations = "UIInterfaceOrientationPortrait UIInterfaceOrientationPortraitUpsideDown";
				INFOPLIST_KEY_WKCompanionAppBundleIdentifier = "com.Deok.OE-Serverless";
				LD_RUNPATH_SEARCH_PATHS = (
					"$(inherited)",
					"@executable_path/Frameworks",
				);
				MARKETING_VERSION = 1.0;
				PRODUCT_BUNDLE_IDENTIFIER = "com.Deok.OE-Serverless.watchkitapp";
				PRODUCT_NAME = "$(TARGET_NAME)";
				SDKROOT = watchos;
				SKIP_INSTALL = YES;
				SWIFT_EMIT_LOC_STRINGS = YES;
				SWIFT_VERSION = 5.0;
				TARGETED_DEVICE_FAMILY = 4;
				WATCHOS_DEPLOYMENT_TARGET = 9.4;
			};
			name = Debug;
		};
		2A5ABD0A2A266B020078AEF2 /* Release */ = {
			isa = XCBuildConfiguration;
			buildSettings = {
				ASSETCATALOG_COMPILER_APPICON_NAME = AppIcon;
				ASSETCATALOG_COMPILER_GLOBAL_ACCENT_COLOR_NAME = AccentColor;
				CODE_SIGN_STYLE = Automatic;
				CURRENT_PROJECT_VERSION = 1;
				DEVELOPMENT_ASSET_PATHS = "\"OE-Serverless Watch App/Preview Content\"";
				DEVELOPMENT_TEAM = 39JATSZXJT;
				ENABLE_PREVIEWS = YES;
				GENERATE_INFOPLIST_FILE = YES;
				INFOPLIST_KEY_CFBundleDisplayName = "OE-Serverless";
				INFOPLIST_KEY_UISupportedInterfaceOrientations = "UIInterfaceOrientationPortrait UIInterfaceOrientationPortraitUpsideDown";
				INFOPLIST_KEY_WKCompanionAppBundleIdentifier = "com.Deok.OE-Serverless";
				LD_RUNPATH_SEARCH_PATHS = (
					"$(inherited)",
					"@executable_path/Frameworks",
				);
				MARKETING_VERSION = 1.0;
				PRODUCT_BUNDLE_IDENTIFIER = "com.Deok.OE-Serverless.watchkitapp";
				PRODUCT_NAME = "$(TARGET_NAME)";
				SDKROOT = watchos;
				SKIP_INSTALL = YES;
				SWIFT_EMIT_LOC_STRINGS = YES;
				SWIFT_VERSION = 5.0;
				TARGETED_DEVICE_FAMILY = 4;
				VALIDATE_PRODUCT = YES;
				WATCHOS_DEPLOYMENT_TARGET = 9.4;
			};
			name = Release;
		};
		2A5ABD0D2A266B020078AEF2 /* Debug */ = {
			isa = XCBuildConfiguration;
			buildSettings = {
				ALWAYS_EMBED_SWIFT_STANDARD_LIBRARIES = YES;
				ASSETCATALOG_COMPILER_APPICON_NAME = AppIcon;
				ASSETCATALOG_COMPILER_GLOBAL_ACCENT_COLOR_NAME = AccentColor;
				CODE_SIGN_STYLE = Automatic;
				CURRENT_PROJECT_VERSION = 1;
				DEVELOPMENT_ASSET_PATHS = "\"OE-Serverless/Preview Content\"";
				DEVELOPMENT_TEAM = 39JATSZXJT;
				ENABLE_PREVIEWS = YES;
				GENERATE_INFOPLIST_FILE = YES;
				INFOPLIST_KEY_CFBundleDisplayName = "OE-Serverless";
				INFOPLIST_KEY_NSCameraUsageDescription = "카메라 사용 허가";
				INFOPLIST_KEY_UIApplicationSceneManifest_Generation = YES;
				INFOPLIST_KEY_UIApplicationSupportsIndirectInputEvents = YES;
				INFOPLIST_KEY_UILaunchScreen_Generation = YES;
				INFOPLIST_KEY_UISupportedInterfaceOrientations_iPad = "UIInterfaceOrientationPortrait UIInterfaceOrientationPortraitUpsideDown UIInterfaceOrientationLandscapeLeft UIInterfaceOrientationLandscapeRight";
				INFOPLIST_KEY_UISupportedInterfaceOrientations_iPhone = "UIInterfaceOrientationPortrait UIInterfaceOrientationLandscapeLeft UIInterfaceOrientationLandscapeRight";
				IPHONEOS_DEPLOYMENT_TARGET = 16.4;
				LD_RUNPATH_SEARCH_PATHS = (
					"$(inherited)",
					"@executable_path/Frameworks",
				);
				MARKETING_VERSION = 1.0;
				PRODUCT_BUNDLE_IDENTIFIER = "com.Deok.OE-Serverless";
				PRODUCT_NAME = "$(TARGET_NAME)";
				SDKROOT = iphoneos;
				SWIFT_EMIT_LOC_STRINGS = YES;
				SWIFT_VERSION = 5.0;
				TARGETED_DEVICE_FAMILY = "1,2";
			};
			name = Debug;
		};
		2A5ABD0E2A266B020078AEF2 /* Release */ = {
			isa = XCBuildConfiguration;
			buildSettings = {
				ALWAYS_EMBED_SWIFT_STANDARD_LIBRARIES = YES;
				ASSETCATALOG_COMPILER_APPICON_NAME = AppIcon;
				ASSETCATALOG_COMPILER_GLOBAL_ACCENT_COLOR_NAME = AccentColor;
				CODE_SIGN_STYLE = Automatic;
				CURRENT_PROJECT_VERSION = 1;
				DEVELOPMENT_ASSET_PATHS = "\"OE-Serverless/Preview Content\"";
				DEVELOPMENT_TEAM = 39JATSZXJT;
				ENABLE_PREVIEWS = YES;
				GENERATE_INFOPLIST_FILE = YES;
				INFOPLIST_KEY_CFBundleDisplayName = "OE-Serverless";
				INFOPLIST_KEY_NSCameraUsageDescription = "카메라 사용 허가";
				INFOPLIST_KEY_UIApplicationSceneManifest_Generation = YES;
				INFOPLIST_KEY_UIApplicationSupportsIndirectInputEvents = YES;
				INFOPLIST_KEY_UILaunchScreen_Generation = YES;
				INFOPLIST_KEY_UISupportedInterfaceOrientations_iPad = "UIInterfaceOrientationPortrait UIInterfaceOrientationPortraitUpsideDown UIInterfaceOrientationLandscapeLeft UIInterfaceOrientationLandscapeRight";
				INFOPLIST_KEY_UISupportedInterfaceOrientations_iPhone = "UIInterfaceOrientationPortrait UIInterfaceOrientationLandscapeLeft UIInterfaceOrientationLandscapeRight";
				IPHONEOS_DEPLOYMENT_TARGET = 16.4;
				LD_RUNPATH_SEARCH_PATHS = (
					"$(inherited)",
					"@executable_path/Frameworks",
				);
				MARKETING_VERSION = 1.0;
				PRODUCT_BUNDLE_IDENTIFIER = "com.Deok.OE-Serverless";
				PRODUCT_NAME = "$(TARGET_NAME)";
				SDKROOT = iphoneos;
				SWIFT_EMIT_LOC_STRINGS = YES;
				SWIFT_VERSION = 5.0;
				TARGETED_DEVICE_FAMILY = "1,2";
				VALIDATE_PRODUCT = YES;
			};
			name = Release;
		};
/* End XCBuildConfiguration section */

/* Begin XCConfigurationList section */
		2A5ABCE32A266AFF0078AEF2 /* Build configuration list for PBXProject "OE-Serverless" */ = {
			isa = XCConfigurationList;
			buildConfigurations = (
				2A5ABD062A266B020078AEF2 /* Debug */,
				2A5ABD072A266B020078AEF2 /* Release */,
			);
			defaultConfigurationIsVisible = 0;
			defaultConfigurationName = Release;
		};
		2A5ABD082A266B020078AEF2 /* Build configuration list for PBXNativeTarget "OE-Serverless Watch App" */ = {
			isa = XCConfigurationList;
			buildConfigurations = (
				2A5ABD092A266B020078AEF2 /* Debug */,
				2A5ABD0A2A266B020078AEF2 /* Release */,
			);
			defaultConfigurationIsVisible = 0;
			defaultConfigurationName = Release;
		};
		2A5ABD0C2A266B020078AEF2 /* Build configuration list for PBXNativeTarget "OE-Serverless" */ = {
			isa = XCConfigurationList;
			buildConfigurations = (
				2A5ABD0D2A266B020078AEF2 /* Debug */,
				2A5ABD0E2A266B020078AEF2 /* Release */,
			);
			defaultConfigurationIsVisible = 0;
			defaultConfigurationName = Release;
		};
/* End XCConfigurationList section */
	};
	rootObject = 2A5ABCE02A266AFF0078AEF2 /* Project object */;
}
