// !$*UTF8*$!
{
	archiveVersion = 1;
	classes = {
	};
	objectVersion = 56;
	objects = {

/* Begin PBXBuildFile section */
		2A375D832949B40300B877F7 /* AppDelegate.swift in Sources */ = {isa = PBXBuildFile; fileRef = 2A375D822949B40300B877F7 /* AppDelegate.swift */; };
		2A375D852949B40300B877F7 /* SceneDelegate.swift in Sources */ = {isa = PBXBuildFile; fileRef = 2A375D842949B40300B877F7 /* SceneDelegate.swift */; };
		2A375D872949B40300B877F7 /* ViewController.swift in Sources */ = {isa = PBXBuildFile; fileRef = 2A375D862949B40300B877F7 /* ViewController.swift */; };
		2A375D8A2949B40300B877F7 /* Main.storyboard in Resources */ = {isa = PBXBuildFile; fileRef = 2A375D882949B40300B877F7 /* Main.storyboard */; };
		2A375D8C2949B40500B877F7 /* Assets.xcassets in Resources */ = {isa = PBXBuildFile; fileRef = 2A375D8B2949B40500B877F7 /* Assets.xcassets */; };
		2A375D8F2949B40500B877F7 /* LaunchScreen.storyboard in Resources */ = {isa = PBXBuildFile; fileRef = 2A375D8D2949B40500B877F7 /* LaunchScreen.storyboard */; };
		2A375D972949C01D00B877F7 /* ObjectVC.swift in Sources */ = {isa = PBXBuildFile; fileRef = 2A375D962949C01D00B877F7 /* ObjectVC.swift */; };
		2A375D992949C02800B877F7 /* OCRVC.swift in Sources */ = {isa = PBXBuildFile; fileRef = 2A375D982949C02800B877F7 /* OCRVC.swift */; };
		2A6F7016294A0E98004086F2 /* GoogleService-Info.plist in Resources */ = {isa = PBXBuildFile; fileRef = 2A6F7015294A0E98004086F2 /* GoogleService-Info.plist */; };
		2AE239532949CC09005CC232 /* KorToBraille in Frameworks */ = {isa = PBXBuildFile; productRef = 2AE239522949CC09005CC232 /* KorToBraille */; };
		F4E855B82044C4925ADD41C2 /* Pods_OE.framework in Frameworks */ = {isa = PBXBuildFile; fileRef = 0E213134AA3D5E73285D16ED /* Pods_OE.framework */; };
/* End PBXBuildFile section */

/* Begin PBXFileReference section */
		0E213134AA3D5E73285D16ED /* Pods_OE.framework */ = {isa = PBXFileReference; explicitFileType = wrapper.framework; includeInIndex = 0; path = Pods_OE.framework; sourceTree = BUILT_PRODUCTS_DIR; };
		0E6F6C21614C48BE2AB1BC54 /* Pods-OE.debug.xcconfig */ = {isa = PBXFileReference; includeInIndex = 1; lastKnownFileType = text.xcconfig; name = "Pods-OE.debug.xcconfig"; path = "Target Support Files/Pods-OE/Pods-OE.debug.xcconfig"; sourceTree = "<group>"; };
		2A375D7F2949B40300B877F7 /* OE.app */ = {isa = PBXFileReference; explicitFileType = wrapper.application; includeInIndex = 0; path = OE.app; sourceTree = BUILT_PRODUCTS_DIR; };
		2A375D822949B40300B877F7 /* AppDelegate.swift */ = {isa = PBXFileReference; lastKnownFileType = sourcecode.swift; path = AppDelegate.swift; sourceTree = "<group>"; };
		2A375D842949B40300B877F7 /* SceneDelegate.swift */ = {isa = PBXFileReference; lastKnownFileType = sourcecode.swift; path = SceneDelegate.swift; sourceTree = "<group>"; };
		2A375D862949B40300B877F7 /* ViewController.swift */ = {isa = PBXFileReference; lastKnownFileType = sourcecode.swift; path = ViewController.swift; sourceTree = "<group>"; };
		2A375D892949B40300B877F7 /* Base */ = {isa = PBXFileReference; lastKnownFileType = file.storyboard; name = Base; path = Base.lproj/Main.storyboard; sourceTree = "<group>"; };
		2A375D8B2949B40500B877F7 /* Assets.xcassets */ = {isa = PBXFileReference; lastKnownFileType = folder.assetcatalog; path = Assets.xcassets; sourceTree = "<group>"; };
		2A375D8E2949B40500B877F7 /* Base */ = {isa = PBXFileReference; lastKnownFileType = file.storyboard; name = Base; path = Base.lproj/LaunchScreen.storyboard; sourceTree = "<group>"; };
		2A375D902949B40500B877F7 /* Info.plist */ = {isa = PBXFileReference; lastKnownFileType = text.plist.xml; path = Info.plist; sourceTree = "<group>"; };
		2A375D962949C01D00B877F7 /* ObjectVC.swift */ = {isa = PBXFileReference; lastKnownFileType = sourcecode.swift; path = ObjectVC.swift; sourceTree = "<group>"; };
		2A375D982949C02800B877F7 /* OCRVC.swift */ = {isa = PBXFileReference; lastKnownFileType = sourcecode.swift; path = OCRVC.swift; sourceTree = "<group>"; };
		2A6F7015294A0E98004086F2 /* GoogleService-Info.plist */ = {isa = PBXFileReference; fileEncoding = 4; lastKnownFileType = text.plist.xml; path = "GoogleService-Info.plist"; sourceTree = "<group>"; };
		621C6C8D9CBCFA2F01FA61DD /* Pods-OE.release.xcconfig */ = {isa = PBXFileReference; includeInIndex = 1; lastKnownFileType = text.xcconfig; name = "Pods-OE.release.xcconfig"; path = "Target Support Files/Pods-OE/Pods-OE.release.xcconfig"; sourceTree = "<group>"; };
/* End PBXFileReference section */

/* Begin PBXFrameworksBuildPhase section */
		2A375D7C2949B40300B877F7 /* Frameworks */ = {
			isa = PBXFrameworksBuildPhase;
			buildActionMask = 2147483647;
			files = (
				2AE239532949CC09005CC232 /* KorToBraille in Frameworks */,
				F4E855B82044C4925ADD41C2 /* Pods_OE.framework in Frameworks */,
			);
			runOnlyForDeploymentPostprocessing = 0;
		};
/* End PBXFrameworksBuildPhase section */

/* Begin PBXGroup section */
		06ED1AA12D01F5B70BDD274E /* Frameworks */ = {
			isa = PBXGroup;
			children = (
				0E213134AA3D5E73285D16ED /* Pods_OE.framework */,
			);
			name = Frameworks;
			sourceTree = "<group>";
		};
		2A375D762949B40300B877F7 = {
			isa = PBXGroup;
			children = (
				2A375D812949B40300B877F7 /* OE */,
				2A375D802949B40300B877F7 /* Products */,
				EF1515B21BBF3C3C44368FE1 /* Pods */,
				06ED1AA12D01F5B70BDD274E /* Frameworks */,
			);
			sourceTree = "<group>";
		};
		2A375D802949B40300B877F7 /* Products */ = {
			isa = PBXGroup;
			children = (
				2A375D7F2949B40300B877F7 /* OE.app */,
			);
			name = Products;
			sourceTree = "<group>";
		};
		2A375D812949B40300B877F7 /* OE */ = {
			isa = PBXGroup;
			children = (
				2A375D822949B40300B877F7 /* AppDelegate.swift */,
				2A375D842949B40300B877F7 /* SceneDelegate.swift */,
				2A375D862949B40300B877F7 /* ViewController.swift */,
				2A375D962949C01D00B877F7 /* ObjectVC.swift */,
				2A375D982949C02800B877F7 /* OCRVC.swift */,
				2A375D882949B40300B877F7 /* Main.storyboard */,
				2A375D8B2949B40500B877F7 /* Assets.xcassets */,
				2A375D8D2949B40500B877F7 /* LaunchScreen.storyboard */,
				2A375D902949B40500B877F7 /* Info.plist */,
				2A6F7015294A0E98004086F2 /* GoogleService-Info.plist */,
			);
			path = OE;
			sourceTree = "<group>";
		};
		EF1515B21BBF3C3C44368FE1 /* Pods */ = {
			isa = PBXGroup;
			children = (
				0E6F6C21614C48BE2AB1BC54 /* Pods-OE.debug.xcconfig */,
				621C6C8D9CBCFA2F01FA61DD /* Pods-OE.release.xcconfig */,
			);
			path = Pods;
			sourceTree = "<group>";
		};
/* End PBXGroup section */

/* Begin PBXNativeTarget section */
		2A375D7E2949B40300B877F7 /* OE */ = {
			isa = PBXNativeTarget;
			buildConfigurationList = 2A375D932949B40500B877F7 /* Build configuration list for PBXNativeTarget "OE" */;
			buildPhases = (
				B4813B74F26FC5FE96837CC0 /* [CP] Check Pods Manifest.lock */,
				2A375D7B2949B40300B877F7 /* Sources */,
				2A375D7C2949B40300B877F7 /* Frameworks */,
				2A375D7D2949B40300B877F7 /* Resources */,
				A3A65FBA220D19B208834423 /* [CP] Embed Pods Frameworks */,
			);
			buildRules = (
			);
			dependencies = (
			);
			name = OE;
			packageProductDependencies = (
				2AE239522949CC09005CC232 /* KorToBraille */,
			);
			productName = OE;
			productReference = 2A375D7F2949B40300B877F7 /* OE.app */;
			productType = "com.apple.product-type.application";
		};
/* End PBXNativeTarget section */

/* Begin PBXProject section */
		2A375D772949B40300B877F7 /* Project object */ = {
			isa = PBXProject;
			attributes = {
				BuildIndependentTargetsInParallel = 1;
				LastSwiftUpdateCheck = 1410;
				LastUpgradeCheck = 1410;
				TargetAttributes = {
					2A375D7E2949B40300B877F7 = {
						CreatedOnToolsVersion = 14.1;
					};
				};
			};
			buildConfigurationList = 2A375D7A2949B40300B877F7 /* Build configuration list for PBXProject "OE" */;
			compatibilityVersion = "Xcode 14.0";
			developmentRegion = en;
			hasScannedForEncodings = 0;
			knownRegions = (
				en,
				Base,
			);
			mainGroup = 2A375D762949B40300B877F7;
			packageReferences = (
				2AE239512949CC09005CC232 /* XCRemoteSwiftPackageReference "KorToBraille" */,
			);
			productRefGroup = 2A375D802949B40300B877F7 /* Products */;
			projectDirPath = "";
			projectRoot = "";
			targets = (
				2A375D7E2949B40300B877F7 /* OE */,
			);
		};
/* End PBXProject section */

/* Begin PBXResourcesBuildPhase section */
		2A375D7D2949B40300B877F7 /* Resources */ = {
			isa = PBXResourcesBuildPhase;
			buildActionMask = 2147483647;
			files = (
				2A375D8F2949B40500B877F7 /* LaunchScreen.storyboard in Resources */,
				2A6F7016294A0E98004086F2 /* GoogleService-Info.plist in Resources */,
				2A375D8C2949B40500B877F7 /* Assets.xcassets in Resources */,
				2A375D8A2949B40300B877F7 /* Main.storyboard in Resources */,
			);
			runOnlyForDeploymentPostprocessing = 0;
		};
/* End PBXResourcesBuildPhase section */

/* Begin PBXShellScriptBuildPhase section */
		A3A65FBA220D19B208834423 /* [CP] Embed Pods Frameworks */ = {
			isa = PBXShellScriptBuildPhase;
			buildActionMask = 2147483647;
			files = (
			);
			inputFileListPaths = (
				"${PODS_ROOT}/Target Support Files/Pods-OE/Pods-OE-frameworks-${CONFIGURATION}-input-files.xcfilelist",
			);
			name = "[CP] Embed Pods Frameworks";
			outputFileListPaths = (
				"${PODS_ROOT}/Target Support Files/Pods-OE/Pods-OE-frameworks-${CONFIGURATION}-output-files.xcfilelist",
			);
			runOnlyForDeploymentPostprocessing = 0;
			shellPath = /bin/sh;
			shellScript = "\"${PODS_ROOT}/Target Support Files/Pods-OE/Pods-OE-frameworks.sh\"\n";
			showEnvVarsInLog = 0;
		};
		B4813B74F26FC5FE96837CC0 /* [CP] Check Pods Manifest.lock */ = {
			isa = PBXShellScriptBuildPhase;
			buildActionMask = 2147483647;
			files = (
			);
			inputFileListPaths = (
			);
			inputPaths = (
				"${PODS_PODFILE_DIR_PATH}/Podfile.lock",
				"${PODS_ROOT}/Manifest.lock",
			);
			name = "[CP] Check Pods Manifest.lock";
			outputFileListPaths = (
			);
			outputPaths = (
				"$(DERIVED_FILE_DIR)/Pods-OE-checkManifestLockResult.txt",
			);
			runOnlyForDeploymentPostprocessing = 0;
			shellPath = /bin/sh;
			shellScript = "diff \"${PODS_PODFILE_DIR_PATH}/Podfile.lock\" \"${PODS_ROOT}/Manifest.lock\" > /dev/null\nif [ $? != 0 ] ; then\n    # print error to STDERR\n    echo \"error: The sandbox is not in sync with the Podfile.lock. Run 'pod install' or update your CocoaPods installation.\" >&2\n    exit 1\nfi\n# This output is used by Xcode 'outputs' to avoid re-running this script phase.\necho \"SUCCESS\" > \"${SCRIPT_OUTPUT_FILE_0}\"\n";
			showEnvVarsInLog = 0;
		};
/* End PBXShellScriptBuildPhase section */

/* Begin PBXSourcesBuildPhase section */
		2A375D7B2949B40300B877F7 /* Sources */ = {
			isa = PBXSourcesBuildPhase;
			buildActionMask = 2147483647;
			files = (
				2A375D872949B40300B877F7 /* ViewController.swift in Sources */,
				2A375D972949C01D00B877F7 /* ObjectVC.swift in Sources */,
				2A375D832949B40300B877F7 /* AppDelegate.swift in Sources */,
				2A375D852949B40300B877F7 /* SceneDelegate.swift in Sources */,
				2A375D992949C02800B877F7 /* OCRVC.swift in Sources */,
			);
			runOnlyForDeploymentPostprocessing = 0;
		};
/* End PBXSourcesBuildPhase section */

/* Begin PBXVariantGroup section */
		2A375D882949B40300B877F7 /* Main.storyboard */ = {
			isa = PBXVariantGroup;
			children = (
				2A375D892949B40300B877F7 /* Base */,
			);
			name = Main.storyboard;
			sourceTree = "<group>";
		};
		2A375D8D2949B40500B877F7 /* LaunchScreen.storyboard */ = {
			isa = PBXVariantGroup;
			children = (
				2A375D8E2949B40500B877F7 /* Base */,
			);
			name = LaunchScreen.storyboard;
			sourceTree = "<group>";
		};
/* End PBXVariantGroup section */

/* Begin XCBuildConfiguration section */
		2A375D912949B40500B877F7 /* Debug */ = {
			isa = XCBuildConfiguration;
			buildSettings = {
				ALWAYS_SEARCH_USER_PATHS = NO;
				CLANG_ANALYZER_NONNULL = YES;
				CLANG_ANALYZER_NUMBER_OBJECT_CONVERSION = YES_AGGRESSIVE;
				CLANG_CXX_LANGUAGE_STANDARD = "gnu++20";
				CLANG_ENABLE_MODULES = YES;
				CLANG_ENABLE_OBJC_ARC = YES;
				CLANG_ENABLE_OBJC_WEAK = YES;
				CLANG_WARN_BLOCK_CAPTURE_AUTORELEASING = YES;
				CLANG_WARN_BOOL_CONVERSION = YES;
				CLANG_WARN_COMMA = YES;
				CLANG_WARN_CONSTANT_CONVERSION = YES;
				CLANG_WARN_DEPRECATED_OBJC_IMPLEMENTATIONS = YES;
				CLANG_WARN_DIRECT_OBJC_ISA_USAGE = YES_ERROR;
				CLANG_WARN_DOCUMENTATION_COMMENTS = YES;
				CLANG_WARN_EMPTY_BODY = YES;
				CLANG_WARN_ENUM_CONVERSION = YES;
				CLANG_WARN_INFINITE_RECURSION = YES;
				CLANG_WARN_INT_CONVERSION = YES;
				CLANG_WARN_NON_LITERAL_NULL_CONVERSION = YES;
				CLANG_WARN_OBJC_IMPLICIT_RETAIN_SELF = YES;
				CLANG_WARN_OBJC_LITERAL_CONVERSION = YES;
				CLANG_WARN_OBJC_ROOT_CLASS = YES_ERROR;
				CLANG_WARN_QUOTED_INCLUDE_IN_FRAMEWORK_HEADER = YES;
				CLANG_WARN_RANGE_LOOP_ANALYSIS = YES;
				CLANG_WARN_STRICT_PROTOTYPES = YES;
				CLANG_WARN_SUSPICIOUS_MOVE = YES;
				CLANG_WARN_UNGUARDED_AVAILABILITY = YES_AGGRESSIVE;
				CLANG_WARN_UNREACHABLE_CODE = YES;
				CLANG_WARN__DUPLICATE_METHOD_MATCH = YES;
				COPY_PHASE_STRIP = NO;
				DEBUG_INFORMATION_FORMAT = dwarf;
				ENABLE_STRICT_OBJC_MSGSEND = YES;
				ENABLE_TESTABILITY = YES;
				GCC_C_LANGUAGE_STANDARD = gnu11;
				GCC_DYNAMIC_NO_PIC = NO;
				GCC_NO_COMMON_BLOCKS = YES;
				GCC_OPTIMIZATION_LEVEL = 0;
				GCC_PREPROCESSOR_DEFINITIONS = (
					"DEBUG=1",
					"$(inherited)",
				);
				GCC_WARN_64_TO_32_BIT_CONVERSION = YES;
				GCC_WARN_ABOUT_RETURN_TYPE = YES_ERROR;
				GCC_WARN_UNDECLARED_SELECTOR = YES;
				GCC_WARN_UNINITIALIZED_AUTOS = YES_AGGRESSIVE;
				GCC_WARN_UNUSED_FUNCTION = YES;
				GCC_WARN_UNUSED_VARIABLE = YES;
				IPHONEOS_DEPLOYMENT_TARGET = 16.1;
				MTL_ENABLE_DEBUG_INFO = INCLUDE_SOURCE;
				MTL_FAST_MATH = YES;
				ONLY_ACTIVE_ARCH = YES;
				SDKROOT = iphoneos;
				SWIFT_ACTIVE_COMPILATION_CONDITIONS = DEBUG;
				SWIFT_OPTIMIZATION_LEVEL = "-Onone";
			};
			name = Debug;
		};
		2A375D922949B40500B877F7 /* Release */ = {
			isa = XCBuildConfiguration;
			buildSettings = {
				ALWAYS_SEARCH_USER_PATHS = NO;
				CLANG_ANALYZER_NONNULL = YES;
				CLANG_ANALYZER_NUMBER_OBJECT_CONVERSION = YES_AGGRESSIVE;
				CLANG_CXX_LANGUAGE_STANDARD = "gnu++20";
				CLANG_ENABLE_MODULES = YES;
				CLANG_ENABLE_OBJC_ARC = YES;
				CLANG_ENABLE_OBJC_WEAK = YES;
				CLANG_WARN_BLOCK_CAPTURE_AUTORELEASING = YES;
				CLANG_WARN_BOOL_CONVERSION = YES;
				CLANG_WARN_COMMA = YES;
				CLANG_WARN_CONSTANT_CONVERSION = YES;
				CLANG_WARN_DEPRECATED_OBJC_IMPLEMENTATIONS = YES;
				CLANG_WARN_DIRECT_OBJC_ISA_USAGE = YES_ERROR;
				CLANG_WARN_DOCUMENTATION_COMMENTS = YES;
				CLANG_WARN_EMPTY_BODY = YES;
				CLANG_WARN_ENUM_CONVERSION = YES;
				CLANG_WARN_INFINITE_RECURSION = YES;
				CLANG_WARN_INT_CONVERSION = YES;
				CLANG_WARN_NON_LITERAL_NULL_CONVERSION = YES;
				CLANG_WARN_OBJC_IMPLICIT_RETAIN_SELF = YES;
				CLANG_WARN_OBJC_LITERAL_CONVERSION = YES;
				CLANG_WARN_OBJC_ROOT_CLASS = YES_ERROR;
				CLANG_WARN_QUOTED_INCLUDE_IN_FRAMEWORK_HEADER = YES;
				CLANG_WARN_RANGE_LOOP_ANALYSIS = YES;
				CLANG_WARN_STRICT_PROTOTYPES = YES;
				CLANG_WARN_SUSPICIOUS_MOVE = YES;
				CLANG_WARN_UNGUARDED_AVAILABILITY = YES_AGGRESSIVE;
				CLANG_WARN_UNREACHABLE_CODE = YES;
				CLANG_WARN__DUPLICATE_METHOD_MATCH = YES;
				COPY_PHASE_STRIP = NO;
				DEBUG_INFORMATION_FORMAT = "dwarf-with-dsym";
				ENABLE_NS_ASSERTIONS = NO;
				ENABLE_STRICT_OBJC_MSGSEND = YES;
				GCC_C_LANGUAGE_STANDARD = gnu11;
				GCC_NO_COMMON_BLOCKS = YES;
				GCC_WARN_64_TO_32_BIT_CONVERSION = YES;
				GCC_WARN_ABOUT_RETURN_TYPE = YES_ERROR;
				GCC_WARN_UNDECLARED_SELECTOR = YES;
				GCC_WARN_UNINITIALIZED_AUTOS = YES_AGGRESSIVE;
				GCC_WARN_UNUSED_FUNCTION = YES;
				GCC_WARN_UNUSED_VARIABLE = YES;
				IPHONEOS_DEPLOYMENT_TARGET = 16.1;
				MTL_ENABLE_DEBUG_INFO = NO;
				MTL_FAST_MATH = YES;
				SDKROOT = iphoneos;
				SWIFT_COMPILATION_MODE = wholemodule;
				SWIFT_OPTIMIZATION_LEVEL = "-O";
				VALIDATE_PRODUCT = YES;
			};
			name = Release;
		};
		2A375D942949B40500B877F7 /* Debug */ = {
			isa = XCBuildConfiguration;
			baseConfigurationReference = 0E6F6C21614C48BE2AB1BC54 /* Pods-OE.debug.xcconfig */;
			buildSettings = {
				ASSETCATALOG_COMPILER_APPICON_NAME = AppIcon;
				ASSETCATALOG_COMPILER_GLOBAL_ACCENT_COLOR_NAME = AccentColor;
				CODE_SIGN_STYLE = Automatic;
				CURRENT_PROJECT_VERSION = 1;
				DEVELOPMENT_TEAM = 39JATSZXJT;
				GENERATE_INFOPLIST_FILE = YES;
				INFOPLIST_FILE = OE/Info.plist;
				INFOPLIST_KEY_UIApplicationSupportsIndirectInputEvents = YES;
				INFOPLIST_KEY_UILaunchStoryboardName = LaunchScreen;
				INFOPLIST_KEY_UIMainStoryboardFile = Main;
				INFOPLIST_KEY_UISupportedInterfaceOrientations_iPad = "UIInterfaceOrientationPortrait UIInterfaceOrientationPortraitUpsideDown UIInterfaceOrientationLandscapeLeft UIInterfaceOrientationLandscapeRight";
				INFOPLIST_KEY_UISupportedInterfaceOrientations_iPhone = "UIInterfaceOrientationPortrait UIInterfaceOrientationLandscapeLeft UIInterfaceOrientationLandscapeRight";
				LD_RUNPATH_SEARCH_PATHS = (
					"$(inherited)",
					"@executable_path/Frameworks",
				);
				MARKETING_VERSION = 1.0;
				PRODUCT_BUNDLE_IDENTIFIER = com.Deok.OE;
				PRODUCT_NAME = "$(TARGET_NAME)";
				SWIFT_EMIT_LOC_STRINGS = YES;
				SWIFT_VERSION = 5.0;
				TARGETED_DEVICE_FAMILY = "1,2";
			};
			name = Debug;
		};
		2A375D952949B40500B877F7 /* Release */ = {
			isa = XCBuildConfiguration;
			baseConfigurationReference = 621C6C8D9CBCFA2F01FA61DD /* Pods-OE.release.xcconfig */;
			buildSettings = {
				ASSETCATALOG_COMPILER_APPICON_NAME = AppIcon;
				ASSETCATALOG_COMPILER_GLOBAL_ACCENT_COLOR_NAME = AccentColor;
				CODE_SIGN_STYLE = Automatic;
				CURRENT_PROJECT_VERSION = 1;
				DEVELOPMENT_TEAM = 39JATSZXJT;
				GENERATE_INFOPLIST_FILE = YES;
				INFOPLIST_FILE = OE/Info.plist;
				INFOPLIST_KEY_UIApplicationSupportsIndirectInputEvents = YES;
				INFOPLIST_KEY_UILaunchStoryboardName = LaunchScreen;
				INFOPLIST_KEY_UIMainStoryboardFile = Main;
				INFOPLIST_KEY_UISupportedInterfaceOrientations_iPad = "UIInterfaceOrientationPortrait UIInterfaceOrientationPortraitUpsideDown UIInterfaceOrientationLandscapeLeft UIInterfaceOrientationLandscapeRight";
				INFOPLIST_KEY_UISupportedInterfaceOrientations_iPhone = "UIInterfaceOrientationPortrait UIInterfaceOrientationLandscapeLeft UIInterfaceOrientationLandscapeRight";
				LD_RUNPATH_SEARCH_PATHS = (
					"$(inherited)",
					"@executable_path/Frameworks",
				);
				MARKETING_VERSION = 1.0;
				PRODUCT_BUNDLE_IDENTIFIER = com.Deok.OE;
				PRODUCT_NAME = "$(TARGET_NAME)";
				SWIFT_EMIT_LOC_STRINGS = YES;
				SWIFT_VERSION = 5.0;
				TARGETED_DEVICE_FAMILY = "1,2";
			};
			name = Release;
		};
/* End XCBuildConfiguration section */

/* Begin XCConfigurationList section */
		2A375D7A2949B40300B877F7 /* Build configuration list for PBXProject "OE" */ = {
			isa = XCConfigurationList;
			buildConfigurations = (
				2A375D912949B40500B877F7 /* Debug */,
				2A375D922949B40500B877F7 /* Release */,
			);
			defaultConfigurationIsVisible = 0;
			defaultConfigurationName = Release;
		};
		2A375D932949B40500B877F7 /* Build configuration list for PBXNativeTarget "OE" */ = {
			isa = XCConfigurationList;
			buildConfigurations = (
				2A375D942949B40500B877F7 /* Debug */,
				2A375D952949B40500B877F7 /* Release */,
			);
			defaultConfigurationIsVisible = 0;
			defaultConfigurationName = Release;
		};
/* End XCConfigurationList section */

/* Begin XCRemoteSwiftPackageReference section */
		2AE239512949CC09005CC232 /* XCRemoteSwiftPackageReference "KorToBraille" */ = {
			isa = XCRemoteSwiftPackageReference;
			repositoryURL = "https://github.com/Bridge-NOONGIL/KorToBraille.git";
			requirement = {
				kind = upToNextMajorVersion;
				minimumVersion = 1.0.0;
			};
		};
/* End XCRemoteSwiftPackageReference section */

/* Begin XCSwiftPackageProductDependency section */
		2AE239522949CC09005CC232 /* KorToBraille */ = {
			isa = XCSwiftPackageProductDependency;
			package = 2AE239512949CC09005CC232 /* XCRemoteSwiftPackageReference "KorToBraille" */;
			productName = KorToBraille;
		};
/* End XCSwiftPackageProductDependency section */
	};
	rootObject = 2A375D772949B40300B877F7 /* Project object */;
}
